# This file may be used to create an environment using:
# $ conda create --name <env> --file <this file>
# platform: linux-64
@EXPLICIT
https://conda.anaconda.org/conda-forge/linux-64/_libgcc_mutex-0.1-conda_forge.tar.bz2#d7c89558ba9fa0495403155b64376d81
https://conda.anaconda.org/conda-forge/linux-64/ca-certificates-2022.12.7-ha878542_0.conda#ff9f73d45c4a07d6f424495288a26080
https://conda.anaconda.org/nvidia/linux-64/cuda-cudart-11.7.99-0.tar.bz2#79859ac9109109826d77e5e2bbbe18b5
https://conda.anaconda.org/nvidia/linux-64/cuda-cupti-11.7.101-0.tar.bz2#099e29408a247a0a50bc976dc5e716b0
https://conda.anaconda.org/nvidia/linux-64/cuda-nvrtc-11.7.99-0.tar.bz2#f56ebbd9aa130d0fae45079d8bf76617
https://conda.anaconda.org/nvidia/linux-64/cuda-nvtx-11.7.91-0.tar.bz2#87381e82875d3b341e2d48a5c4d26e2b
https://conda.anaconda.org/conda-forge/linux-64/ld_impl_linux-64-2.40-h41732ed_0.conda#7aca3059a1729aa76c597603f10b0dd3
https://conda.anaconda.org/nvidia/linux-64/libcublas-11.10.3.66-0.tar.bz2#1d3211d2deb549b84f6fdaf96f7cbb88
https://conda.anaconda.org/nvidia/linux-64/libcufft-10.7.2.124-h4fbf590_0.tar.bz2#dc69f1daa40372e9b869064ab926ee26
https://conda.anaconda.org/nvidia/linux-64/libcufile-1.6.0.25-0.tar.bz2#3ed21496abc43118bb592e4f3126658e
https://conda.anaconda.org/nvidia/linux-64/libcurand-10.3.2.56-0.tar.bz2#b7f2c31cbf4f7fbe69584c36d9f02db4
https://conda.anaconda.org/nvidia/linux-64/libcusolver-11.4.0.1-0.tar.bz2#c4de49e8b2f01065962f2fec81fb7058
https://conda.anaconda.org/nvidia/linux-64/libcusparse-11.7.4.91-0.tar.bz2#9ca85f813fbc5e8b811a1ad4ca451911
https://conda.anaconda.org/conda-forge/linux-64/libgfortran5-12.2.0-h337968e_19.tar.bz2#164b4b1acaedc47ee7e658ae6b308ca3
https://conda.anaconda.org/nvidia/linux-64/libnpp-11.7.4.75-0.tar.bz2#0a55ecd0b813fe5774ede297007e5413
https://conda.anaconda.org/nvidia/linux-64/libnvjpeg-11.8.0.2-0.tar.bz2#32a0a604688ee485878887ff4c086f77
https://conda.anaconda.org/conda-forge/linux-64/libstdcxx-ng-12.2.0-h46fd767_19.tar.bz2#1030b1f38c129f2634eae026f704fe60
https://conda.anaconda.org/bottler/linux-64/nvidiacub-1.10.0-0.tar.bz2#9b1603984e86ab612f5cfe5c367dab03
https://conda.anaconda.org/conda-forge/linux-64/python_abi-3.8-3_cp38.conda#2f3f7af062b42d664117662612022204
https://conda.anaconda.org/pytorch/noarch/pytorch-mutex-1.0-cuda.tar.bz2#a948316e36fb5b11223b3fcfa93f8358
https://conda.anaconda.org/conda-forge/linux-64/libgomp-12.2.0-h65d4601_19.tar.bz2#cedcee7c064c01c403f962c9e8d3c373
https://conda.anaconda.org/conda-forge/linux-64/libgfortran-ng-12.2.0-h69a702a_19.tar.bz2#cd7a806282c16e1f2d39a7e80d3a3e0d
https://conda.anaconda.org/nvidia/linux-64/cuda-libraries-11.7.1-0.tar.bz2#6fc99cc9d2e7d6d2da1c10c5e140ab8c
https://conda.anaconda.org/conda-forge/linux-64/_openmp_mutex-4.5-2_gnu.tar.bz2#73aaf86a425cc6e73fcf236a5a46396d
https://conda.anaconda.org/nvidia/linux-64/cuda-runtime-11.7.1-0.tar.bz2#e88cf61af312d2621a0224d431be511b
https://conda.anaconda.org/conda-forge/linux-64/libgcc-ng-12.2.0-h65d4601_19.tar.bz2#e4c94f80aef025c17ab0828cd85ef535
https://conda.anaconda.org/pytorch/linux-64/pytorch-cuda-11.7-h778d358_3.tar.bz2#053a1309e4f688c49b414d59292b6ca1
https://conda.anaconda.org/conda-forge/linux-64/yaml-0.2.5-h7f98852_2.tar.bz2#4cb3ad778ec2d5a7acbdf254eb1c42ae
https://conda.anaconda.org/conda-forge/linux-64/xz-5.2.6-h166bdaf_0.tar.bz2#2161070d867d1b1204ea749c8eec4ef0
https://conda.anaconda.org/conda-forge/linux-64/xorg-libxdmcp-1.1.3-h7f98852_0.tar.bz2#be93aabceefa2fac576e971aef407908
https://conda.anaconda.org/conda-forge/linux-64/xorg-libxau-1.0.9-h7f98852_0.tar.bz2#bf6f803a544f26ebbdc3bfff272eb179
https://conda.anaconda.org/conda-forge/linux-64/pthread-stubs-0.4-h36c2ea0_1001.tar.bz2#22dad4df6e8630e8dff2428f6f6a7036
https://conda.anaconda.org/conda-forge/linux-64/openssl-3.1.0-h0b41bf4_0.conda#2d833be81a21128e317325a01326d36f
https://conda.anaconda.org/conda-forge/linux-64/nettle-3.6-he412f7d_0.tar.bz2#f050099af540c1c960c813b06bca89ad
https://conda.anaconda.org/conda-forge/linux-64/ncurses-6.3-h27087fc_1.tar.bz2#4acfc691e64342b9dae57cf2adc63238
https://conda.anaconda.org/conda-forge/linux-64/libzlib-1.2.13-h166bdaf_4.tar.bz2#f3f9de449d32ca9b9c66a22863c96f41
https://conda.anaconda.org/conda-forge/linux-64/libwebp-base-1.3.0-h0b41bf4_0.conda#0d4a7508d8c6c65314f2b9c1f56ad408
https://conda.anaconda.org/conda-forge/linux-64/libuuid-2.32.1-h7f98852_1000.tar.bz2#772d69f030955d9646d3d0eaf21d859d
https://conda.anaconda.org/conda-forge/linux-64/libnsl-2.0.0-h7f98852_0.tar.bz2#39b1328babf85c7c3a61636d9cd50206
https://conda.anaconda.org/conda-forge/linux-64/libiconv-1.17-h166bdaf_0.tar.bz2#b62b52da46c39ee2bc3c162ac7f1804d
https://conda.anaconda.org/conda-forge/linux-64/libffi-3.4.2-h7f98852_5.tar.bz2#d645c6d2ac96843a2bfaccd2d62b3ac3
https://conda.anaconda.org/conda-forge/linux-64/libdeflate-1.17-h0b41bf4_0.conda#5cc781fd91968b11a8a7fdbee0982676
https://conda.anaconda.org/conda-forge/linux-64/libblas-3.9.0-1_h86c2bf4_netlib.tar.bz2#91273b91f1023d5c72ffc79e02e7812e
https://conda.anaconda.org/conda-forge/linux-64/lerc-4.0.0-h27087fc_0.tar.bz2#76bbff344f0134279f225174e9064c8f
https://conda.anaconda.org/conda-forge/linux-64/lame-3.100-h166bdaf_1003.tar.bz2#a8832b479f93521a9e7b5b743803be51
https://conda.anaconda.org/conda-forge/linux-64/jpeg-9e-h0b41bf4_3.conda#c7a069243e1fbe9a556ed2ec030e6407
https://conda.anaconda.org/conda-forge/linux-64/icu-70.1-h27087fc_0.tar.bz2#87473a15119779e021c314249d4b4aed
https://conda.anaconda.org/conda-forge/linux-64/gmp-6.2.1-h58526e2_0.tar.bz2#b94cf2db16066b242ebd26db2facbd56
https://conda.anaconda.org/conda-forge/linux-64/bzip2-1.0.8-h7f98852_4.tar.bz2#a1fd65c7ccbf10880423d82bca54eb54
https://conda.anaconda.org/conda-forge/linux-64/libxcb-1.13-h7f98852_1004.tar.bz2#b3653fdc58d03face9724f602218a904
https://conda.anaconda.org/conda-forge/linux-64/gnutls-3.6.13-h85f3911_1.tar.bz2#7d1b6fff16c1431d96cb4934938799fd
https://conda.anaconda.org/conda-forge/linux-64/readline-8.1.2-h0f457ee_0.tar.bz2#db2ebbe2943aae81ed051a6a9af8e0fa
https://conda.anaconda.org/conda-forge/linux-64/zstd-1.5.2-h3eb15da_6.conda#6b63daed8feeca47be78f323e793d555
https://conda.anaconda.org/conda-forge/linux-64/zlib-1.2.13-h166bdaf_4.tar.bz2#4b11e365c0275b808be78b30f904e295
https://conda.anaconda.org/conda-forge/linux-64/tk-8.6.12-h27826a3_0.tar.bz2#5b8c42eb62e9fc961af70bdd6a26e168
https://conda.anaconda.org/conda-forge/linux-64/libsqlite-3.40.0-h753d276_0.tar.bz2#2e5f9a37d487e1019fd4d8113adb2f9f
https://conda.anaconda.org/conda-forge/linux-64/libpng-1.6.39-h753d276_0.conda#e1c890aebdebbfbf87e2c917187b4416
https://conda.anaconda.org/conda-forge/linux-64/liblapack-3.9.0-5_h92ddd45_netlib.tar.bz2#ffb80081cf8f43903b07045630188851
https://conda.anaconda.org/conda-forge/linux-64/libcblas-3.9.0-5_h92ddd45_netlib.tar.bz2#6a3f536ec30f6e6948211a07b1d04ced
https://conda.anaconda.org/conda-forge/linux-64/libxml2-2.10.3-hca2bb57_3.conda#29474f139e5017090f218ef6b3753efd
https://conda.anaconda.org/conda-forge/linux-64/libtiff-4.5.0-h6adf6a1_2.conda#2e648a34072eb39d7c4fc2a9981c5f0c
https://conda.anaconda.org/conda-forge/linux-64/openh264-2.1.1-h780b84a_0.tar.bz2#034a6f90f1bbc7ba11d04b84ec9d74c8
https://repo.anaconda.com/pkgs/main/linux-64/intel-openmp-2023.0.0-h9e868ea_25371.conda#6a6a971d4334e4b025871d11b0d8ff7b
https://conda.anaconda.org/conda-forge/linux-64/python-3.8.16-he550d4f_1_cpython.conda#9de84cccfbc5f8350a3667bb6ef6fc30
https://conda.anaconda.org/conda-forge/noarch/wheel-0.40.0-pyhd8ed1ab_0.conda#49bb0d9e60ce1db25e151780331bb5f3
https://conda.anaconda.org/conda-forge/linux-64/freetype-2.12.1-hca18f0e_1.conda#e1232042de76d24539a436d37597eb06
https://conda.anaconda.org/conda-forge/linux-64/libhwloc-2.9.0-hd6dc26d_0.conda#ab9d052373c9376c0ebcff4dfef3d296
https://conda.anaconda.org/conda-forge/linux-64/openjpeg-2.5.0-hfec8fc6_2.conda#5ce6a42505c6e9e6151c54c3ec8d68ea
https://conda.anaconda.org/conda-forge/linux-64/lcms2-2.15-hfd0df8a_0.conda#aa8840cdf17ef0c6084d1e24abc7a28b
https://conda.anaconda.org/conda-forge/noarch/setuptools-67.6.0-pyhd8ed1ab_0.conda#e18ed61c37145bb9b48d1d98801960f7
https://conda.anaconda.org/pytorch/linux-64/ffmpeg-4.3-hf484d3e_0.tar.bz2#0b0bf7c3d7e146ef91de5310bbf7a230
https://conda.anaconda.org/conda-forge/linux-64/tbb-2021.8.0-hf52228f_0.conda#b4188d0c54ead87b3c6bc9cb07281f40
https://conda.anaconda.org/conda-forge/noarch/pip-23.0.1-pyhd8ed1ab_0.conda#8025ca83b8ba5430b640b83917c2a6f7
https://repo.anaconda.com/pkgs/main/linux-64/mkl-2023.0.0-h6d00ec8_25399.conda#bdfb6a5b70db77fe2c3a1c40532a908c
https://conda.anaconda.org/conda-forge/noarch/typing_extensions-4.5.0-pyha770c72_0.conda#43e7d9e50261fb11deb76e17d8431aac
https://conda.anaconda.org/conda-forge/noarch/termcolor-2.2.0-pyhd8ed1ab_0.conda#778f524c3d149577a6e873264d85ec68
https://conda.anaconda.org/conda-forge/noarch/tabulate-0.9.0-pyhd8ed1ab_1.tar.bz2#4759805cce2d914c38472f70bf4d8bcb
https://conda.anaconda.org/conda-forge/linux-64/pyyaml-6.0-py38h0a891b7_5.tar.bz2#0856c59f9ddb710c640dc0428d66b1b7
https://conda.anaconda.org/conda-forge/noarch/pysocks-1.7.1-pyha2e5f31_6.tar.bz2#2a7de29fb590ca14b5243c4c812c8025
https://conda.anaconda.org/conda-forge/noarch/pycparser-2.21-pyhd8ed1ab_0.tar.bz2#076becd9e05608f8dc72757d5f3a91ff
https://conda.anaconda.org/conda-forge/linux-64/portalocker-2.7.0-py38h578d9bd_0.conda#ee5aa9185024198b39f663ea4b425626
https://conda.anaconda.org/conda-forge/linux-64/pillow-9.4.0-py38hde6dc18_1.conda#3de5619d3f556f966189e5251a266125
https://conda.anaconda.org/conda-forge/noarch/packaging-23.0-pyhd8ed1ab_0.conda#1ff2e3ca41f0ce16afec7190db28288b
https://conda.anaconda.org/conda-forge/linux-64/numpy-1.24.2-py38h10c12cc_0.conda#05592c85b9f6931dc2df1e80c0d56294
https://conda.anaconda.org/conda-forge/noarch/idna-3.4-pyhd8ed1ab_0.tar.bz2#34272b248891bddccc64479f9a7fffed
https://conda.anaconda.org/conda-forge/noarch/colorama-0.4.6-pyhd8ed1ab_0.tar.bz2#3faab06a954c2a04039983f2c4a50d99
https://conda.anaconda.org/conda-forge/noarch/charset-normalizer-2.1.1-pyhd8ed1ab_0.tar.bz2#c1d5b294fbf9a795dec349a6f4d8be8e
https://conda.anaconda.org/conda-forge/noarch/certifi-2022.12.7-pyhd8ed1ab_0.conda#fb9addc3db06e56abe03e0e9f21a63e6
https://conda.anaconda.org/conda-forge/linux-64/blas-1.0-mkl.tar.bz2#349aef876b1d8c9dccae01de20d5b385
https://conda.anaconda.org/conda-forge/noarch/typing-extensions-4.5.0-hd8ed1ab_0.conda#b3c594fde1a80a1fc3eb9cc4a5dfe392
https://conda.anaconda.org/conda-forge/noarch/yacs-0.1.8-pyhd8ed1ab_0.tar.bz2#193eeaf8f21582929a8955ac369752b3
https://conda.anaconda.org/conda-forge/linux-64/cffi-1.15.1-py38h4a40e3a_3.conda#3ac112151c6b6cfe457e976de41af0c5
https://conda.anaconda.org/conda-forge/noarch/tqdm-4.65.0-pyhd8ed1ab_1.conda#ed792aff3acb977d09c7013358097f83
https://conda.anaconda.org/pytorch/linux-64/pytorch-1.13.1-py3.8_cuda11.7_cudnn8.5.0_0.tar.bz2#94f8180422851c069b7894c6ac92e906
https://conda.anaconda.org/conda-forge/noarch/platformdirs-3.1.1-pyhd8ed1ab_0.conda#1d1a27f637808c76dd83e3f469aa6f7e
https://conda.anaconda.org/conda-forge/linux-64/cryptography-39.0.2-py38h3d167d9_0.conda#6c60377f8bfa325a2cd80d603627a613
https://conda.anaconda.org/conda-forge/linux-64/brotlipy-0.7.0-py38h0a891b7_1005.tar.bz2#e99e08812dfff30fdd17b3f8838e2759
https://conda.anaconda.org/iopath/linux-64/iopath-0.1.9-py38.tar.bz2#0f16ff26a64bc3decec2233bfea93e84
https://conda.anaconda.org/conda-forge/noarch/pyopenssl-23.0.0-pyhd8ed1ab_0.conda#d41957700e83bbb925928764cb7f8878
https://conda.anaconda.org/fvcore/linux-64/fvcore-0.1.5.post20210915-py38.tar.bz2#9abd886454b9187d811ebfbbbfc792dd
https://conda.anaconda.org/conda-forge/noarch/urllib3-1.26.15-pyhd8ed1ab_0.conda#27db656619a55d727eaf5a6ece3d2fd6
https://conda.anaconda.org/conda-forge/noarch/requests-2.28.2-pyhd8ed1ab_0.conda#11d178fc55199482ee48d6812ea83983
https://conda.anaconda.org/pytorch/linux-64/torchvision-0.14.1-py38_cu117.tar.bz2#ae82e448b8fe4d522f6970a0474879d0
https://conda.anaconda.org/conda-forge/noarch/pooch-1.7.0-pyhd8ed1ab_0.conda#eb2e0fc33ad0d04b51f9280360c13c1e
https://conda.anaconda.org/pytorch3d/linux-64/pytorch3d-0.7.2-py38_cu117_pyt1131.tar.bz2#2e9f0c393606f88e832a5a73ce2406ee
https://conda.anaconda.org/conda-forge/linux-64/scipy-1.10.1-py38h10c12cc_0.conda#1cbc47bb9a600ce4a49d8da797d375bf
https://conda.anaconda.org/conda-forge/linux-64/igl-2.2.1-py38h1a06dda_2.tar.bz2#f3535bf0a44c9e139572b3adf3ce4ec1
